{
  "name": "@haiyue/valley-editor",
  "version": "0.1.0",
  "lockfileVersion": 3,
  "requires": true,
  "packages": {
    "": {
      "name": "@haiyue/valley-editor",
      "version": "0.1.0",
      "dependencies": {
        "@haiyue/editor-platform": "file:vendor/haiyue-editor-platform-0.1.0.tgz",
        "@haiyue/editor-plugin-sdk": "file:vendor/haiyue-editor-plugin-sdk-0.1.0.tgz",
        "@haiyue/editor-shell": "file:vendor/haiyue-editor-shell-0.1.1.tgz",
        "@haiyue/ui": "file:vendor/haiyue-ui-0.1.3.tgz"
      }
    },
    "node_modules/@haiyue/editor-platform": {
      "version": "0.1.0",
      "resolved": "file:vendor/haiyue-editor-platform-0.1.0.tgz",
      "integrity": "sha512-LXHtWGYIbOz/ju9ZUzFcD5bZnGbqazJspU7e8rfTt0vbQjZwwdD6gqsD6N0iBw4mPaiuEg0P6yNdHj6UCywbyg==",
      "license": "MIT",
      "dependencies": {
        "@haiyue/editor-plugin-sdk": "0.1.0"
      },
      "engines": {
        "node": ">=22"
      }
    },
    "node_modules/@haiyue/editor-plugin-sdk": {
      "version": "0.1.0",
      "resolved": "file:vendor/haiyue-editor-plugin-sdk-0.1.0.tgz",
      "integrity": "sha512-ZT43u4tgcda4SdKaRZhxxm4HsusEyvjn43uItj/HaeWcujOgRpgTdtWBYZP7Y2Ee6lBH1k4mI0DMZ4kH51kLxA==",
      "license": "MIT",
      "engines": {
        "node": ">=22"
      }
    },
    "node_modules/@haiyue/editor-shell": {
      "version": "0.1.1",
      "resolved": "file:vendor/haiyue-editor-shell-0.1.1.tgz",
      "integrity": "sha512-RqAU5zkbDsl2jdRFv9iv7CvTrWq2VONjcouaZtqOGNouqrx53oywI20D4/BcgMwfFTfu1dmUlGhkNOGknC9npA==",
      "license": "MIT",
      "dependencies": {
        "@haiyue/editor-platform": "0.1.0",
        "@haiyue/editor-plugin-sdk": "0.1.0",
        "@haiyue/ui": ">=0.1.0 <0.2.0"
      },
      "engines": {
        "node": ">=22"
      }
    },
    "node_modules/@haiyue/ui": {
      "version": "0.1.3",
      "resolved": "file:vendor/haiyue-ui-0.1.3.tgz",
      "integrity": "sha512-R0284uI9z8SHKFw/WAELGgj6yi7RxxE98O08b2VezRaKuimqR4jpip9pdbUrD1qlYb9IIs9lhSwxKU15nHrdNg==",
      "license": "MIT",
      "engines": {
        "node": ">=22"
      }
    }
  }
}
